
Microsoft Visual Studio Solution File, Format Version 11.00
# Visual Studio 2010
Project("{FAE04EC0-301F-11D3-BF4B-00C04F79EFBC}") = "WindowsGame1", "WindowsGame1\WindowsGame1\WindowsGame1.csproj", "{6C49156D-DCCA-4E2A-875D-5231324F476E}"
EndProject
Project("{96E2B04D-8817-42C6-938A-82C39BA4D311}") = "WindowsGame1Content", "WindowsGame1\WindowsGame1Content\WindowsGame1Content.contentproj", "{3D82E90B-AF53-4409-99BD-592C04FD7F54}"
EndProject
Global
	GlobalSection(SolutionConfigurationPlatforms) = preSolution
		Debug|x86 = Debug|x86
		Release|x86 = Release|x86
	EndGlobalSection
	GlobalSection(ProjectConfigurationPlatforms) = postSolution
		{6C49156D-DCCA-4E2A-875D-5231324F476E}.Debug|x86.ActiveCfg = Debug|x86
		{6C49156D-DCCA-4E2A-875D-5231324F476E}.Debug|x86.Build.0 = Debug|x86
		{6C49156D-DCCA-4E2A-875D-5231324F476E}.Release|x86.ActiveCfg = Release|x86
		{6C49156D-DCCA-4E2A-875D-5231324F476E}.Release|x86.Build.0 = Release|x86
		{3D82E90B-AF53-4409-99BD-592C04FD7F54}.Debug|x86.ActiveCfg = Debug|x86
		{3D82E90B-AF53-4409-99BD-592C04FD7F54}.Release|x86.ActiveCfg = Release|x86
	EndGlobalSection
	GlobalSection(SolutionProperties) = preSolution
		HideSolutionNode = FALSE
	EndGlobalSection
EndGlobal
